
Microsoft Visual Studio Solution File, Format Version 12.00
# Visual Studio Version 17
VisualStudioVersion = 17.4.33213.308
MinimumVisualStudioVersion = 10.0.40219.1
Project("{FAE04EC0-301F-11D3-BF4B-00C04F79EFBC}") = "P2_2019CG606", "P2_2019CG606\P2_2019CG606.csproj", "{BA45CEA7-071F-4CE4-9B61-9FEABFFF0C4F}"
EndProject
Global
	GlobalSection(SolutionConfigurationPlatforms) = preSolution
		Debug|Any CPU = Debug|Any CPU
		Release|Any CPU = Release|Any CPU
	EndGlobalSection
	GlobalSection(ProjectConfigurationPlatforms) = postSolution
		{BA45CEA7-071F-4CE4-9B61-9FEABFFF0C4F}.Debug|Any CPU.ActiveCfg = Debug|Any CPU
		{BA45CEA7-071F-4CE4-9B61-9FEABFFF0C4F}.Debug|Any CPU.Build.0 = Debug|Any CPU
		{BA45CEA7-071F-4CE4-9B61-9FEABFFF0C4F}.Release|Any CPU.ActiveCfg = Release|Any CPU
		{BA45CEA7-071F-4CE4-9B61-9FEABFFF0C4F}.Release|Any CPU.Build.0 = Release|Any CPU
	EndGlobalSection
	GlobalSection(SolutionProperties) = preSolution
		HideSolutionNode = FALSE
	EndGlobalSection
	GlobalSection(ExtensibilityGlobals) = postSolution
		SolutionGuid = {F04F8DCC-C428-4A8F-A1E4-6A70C3DE2F1E}
	EndGlobalSection
EndGlobal
